
Microsoft Visual Studio Solution File, Format Version 12.00
# Visual Studio Version 16
VisualStudioVersion = 16.0.30611.23
MinimumVisualStudioVersion = 10.0.40219.1
Project("{FAE04EC0-301F-11D3-BF4B-00C04F79EFBC}") = "BowlingKataCS", "BowlingKataCS.csproj", "{49DD559F-F50D-41A3-9A9E-8215A37AF1B1}"
EndProject
Project("{FAE04EC0-301F-11D3-BF4B-00C04F79EFBC}") = "BowlingKataCSTests", "..\BowlingKataCSTests\BowlingKataCSTests.csproj", "{D84FF6DD-36BC-4A37-AA65-09C558762D75}"
EndProject
Global
	GlobalSection(SolutionConfigurationPlatforms) = preSolution
		Debug|Any CPU = Debug|Any CPU
		Release|Any CPU = Release|Any CPU
	EndGlobalSection
	GlobalSection(ProjectConfigurationPlatforms) = postSolution
		{49DD559F-F50D-41A3-9A9E-8215A37AF1B1}.Debug|Any CPU.ActiveCfg = Debug|Any CPU
		{49DD559F-F50D-41A3-9A9E-8215A37AF1B1}.Debug|Any CPU.Build.0 = Debug|Any CPU
		{49DD559F-F50D-41A3-9A9E-8215A37AF1B1}.Release|Any CPU.ActiveCfg = Release|Any CPU
		{49DD559F-F50D-41A3-9A9E-8215A37AF1B1}.Release|Any CPU.Build.0 = Release|Any CPU
		{D84FF6DD-36BC-4A37-AA65-09C558762D75}.Debug|Any CPU.ActiveCfg = Debug|Any CPU
		{D84FF6DD-36BC-4A37-AA65-09C558762D75}.Debug|Any CPU.Build.0 = Debug|Any CPU
		{D84FF6DD-36BC-4A37-AA65-09C558762D75}.Release|Any CPU.ActiveCfg = Release|Any CPU
		{D84FF6DD-36BC-4A37-AA65-09C558762D75}.Release|Any CPU.Build.0 = Release|Any CPU
	EndGlobalSection
	GlobalSection(SolutionProperties) = preSolution
		HideSolutionNode = FALSE
	EndGlobalSection
	GlobalSection(ExtensibilityGlobals) = postSolution
		SolutionGuid = {8EFCBF94-3813-4A0E-AAAE-2CB520862294}
	EndGlobalSection
EndGlobal
